
Microsoft Visual Studio Solution File, Format Version 12.00
# Visual Studio 2013
VisualStudioVersion = 12.0.21005.1
MinimumVisualStudioVersion = 10.0.40219.1
Project("{F14B399A-7131-4C87-9E4B-1186C45EF12D}") = "DBADatabase", "DBADatabase\DBADatabase.rptproj", "{E65C3CDB-E2B0-43C2-BCA4-2D094BFFD526}"
EndProject
Global
	GlobalSection(TeamFoundationVersionControl) = preSolution
		SccNumberOfProjects = 2
		SccEnterpriseProvider = {4CA58AB2-18FA-4F8D-95D4-32DDF27D184C}
		SccTeamFoundationServer = http://happ51:8080/tfs/ukho
		SccLocalPath0 = .
		SccProjectUniqueName1 = DBADatabase\\DBADatabase.rptproj
		SccProjectName1 = DBADatabase
		SccLocalPath1 = DBADatabase
	EndGlobalSection
	GlobalSection(SolutionConfigurationPlatforms) = preSolution
		Debug|Default = Debug|Default
		DebugLocal|Default = DebugLocal|Default
		Release|Default = Release|Default
	EndGlobalSection
	GlobalSection(ProjectConfigurationPlatforms) = postSolution
		{E65C3CDB-E2B0-43C2-BCA4-2D094BFFD526}.Debug|Default.ActiveCfg = Debug
		{E65C3CDB-E2B0-43C2-BCA4-2D094BFFD526}.Debug|Default.Build.0 = Debug
		{E65C3CDB-E2B0-43C2-BCA4-2D094BFFD526}.Debug|Default.Deploy.0 = Debug
		{E65C3CDB-E2B0-43C2-BCA4-2D094BFFD526}.DebugLocal|Default.ActiveCfg = DebugLocal
		{E65C3CDB-E2B0-43C2-BCA4-2D094BFFD526}.DebugLocal|Default.Build.0 = DebugLocal
		{E65C3CDB-E2B0-43C2-BCA4-2D094BFFD526}.Release|Default.ActiveCfg = Release
		{E65C3CDB-E2B0-43C2-BCA4-2D094BFFD526}.Release|Default.Build.0 = Release
		{E65C3CDB-E2B0-43C2-BCA4-2D094BFFD526}.Release|Default.Deploy.0 = Release
	EndGlobalSection
	GlobalSection(SolutionProperties) = preSolution
		HideSolutionNode = FALSE
	EndGlobalSection
EndGlobal
